
Microsoft Visual Studio Solution File, Format Version 12.00
# Visual Studio 15
VisualStudioVersion = 15.0.28307.960
MinimumVisualStudioVersion = 10.0.40219.1
Project("{8BC9CEB8-8B4A-11D0-8D11-00A0C91BC942}") = "Neural network", "Neural network\Neural network.vcxproj", "{CA754581-21F9-4F9C-9EF0-A08FCCB5E9CF}"
EndProject
Global
	GlobalSection(SolutionConfigurationPlatforms) = preSolution
		Debug|x64 = Debug|x64
		Debug|x86 = Debug|x86
		Release|x64 = Release|x64
		Release|x86 = Release|x86
	EndGlobalSection
	GlobalSection(ProjectConfigurationPlatforms) = postSolution
		{CA754581-21F9-4F9C-9EF0-A08FCCB5E9CF}.Debug|x64.ActiveCfg = Debug|x64
		{CA754581-21F9-4F9C-9EF0-A08FCCB5E9CF}.Debug|x64.Build.0 = Debug|x64
		{CA754581-21F9-4F9C-9EF0-A08FCCB5E9CF}.Debug|x86.ActiveCfg = Debug|Win32
		{CA754581-21F9-4F9C-9EF0-A08FCCB5E9CF}.Debug|x86.Build.0 = Debug|Win32
		{CA754581-21F9-4F9C-9EF0-A08FCCB5E9CF}.Release|x64.ActiveCfg = Release|x64
		{CA754581-21F9-4F9C-9EF0-A08FCCB5E9CF}.Release|x64.Build.0 = Release|x64
		{CA754581-21F9-4F9C-9EF0-A08FCCB5E9CF}.Release|x86.ActiveCfg = Release|Win32
		{CA754581-21F9-4F9C-9EF0-A08FCCB5E9CF}.Release|x86.Build.0 = Release|Win32
	EndGlobalSection
	GlobalSection(SolutionProperties) = preSolution
		HideSolutionNode = FALSE
	EndGlobalSection
	GlobalSection(ExtensibilityGlobals) = postSolution
		SolutionGuid = {3BCEE310-ACA5-4BBF-8D6D-021A2E131C42}
	EndGlobalSection
EndGlobal
